
Microsoft Visual Studio Solution File, Format Version 12.00
# Visual Studio Version 17
VisualStudioVersion = 17.0.32112.339
MinimumVisualStudioVersion = 10.0.40219.1
Project("{9A19103F-16F7-4668-BE54-9A1E7A4F7556}") = "foodpanda-clone.API", "foodpanda-clone.API\foodpanda-clone.API.csproj", "{29ADC208-163A-4BD3-A925-FC27885523DD}"
EndProject
Project("{2150E333-8FDC-42A3-9474-1A3956D46DE8}") = "1.0_API", "1.0_API", "{89391389-2FA4-4C28-855D-A7D0D0A489EF}"
EndProject
Project("{2150E333-8FDC-42A3-9474-1A3956D46DE8}") = "2.0_Application", "2.0_Application", "{A54C5FA6-DA77-4E56-9440-3E83FFBBD1E1}"
EndProject
Project("{FAE04EC0-301F-11D3-BF4B-00C04F79EFBC}") = "foodpanda-clone.Application", "foodpanda-clone.Application\foodpanda-clone.Application.csproj", "{DD66011E-8873-4757-B2ED-26074ADEBF17}"
EndProject
Global
	GlobalSection(SolutionConfigurationPlatforms) = preSolution
		Debug|Any CPU = Debug|Any CPU
		Release|Any CPU = Release|Any CPU
	EndGlobalSection
	GlobalSection(ProjectConfigurationPlatforms) = postSolution
		{29ADC208-163A-4BD3-A925-FC27885523DD}.Debug|Any CPU.ActiveCfg = Debug|Any CPU
		{29ADC208-163A-4BD3-A925-FC27885523DD}.Debug|Any CPU.Build.0 = Debug|Any CPU
		{29ADC208-163A-4BD3-A925-FC27885523DD}.Release|Any CPU.ActiveCfg = Release|Any CPU
		{29ADC208-163A-4BD3-A925-FC27885523DD}.Release|Any CPU.Build.0 = Release|Any CPU
		{DD66011E-8873-4757-B2ED-26074ADEBF17}.Debug|Any CPU.ActiveCfg = Debug|Any CPU
		{DD66011E-8873-4757-B2ED-26074ADEBF17}.Debug|Any CPU.Build.0 = Debug|Any CPU
		{DD66011E-8873-4757-B2ED-26074ADEBF17}.Release|Any CPU.ActiveCfg = Release|Any CPU
		{DD66011E-8873-4757-B2ED-26074ADEBF17}.Release|Any CPU.Build.0 = Release|Any CPU
	EndGlobalSection
	GlobalSection(SolutionProperties) = preSolution
		HideSolutionNode = FALSE
	EndGlobalSection
	GlobalSection(NestedProjects) = preSolution
		{29ADC208-163A-4BD3-A925-FC27885523DD} = {89391389-2FA4-4C28-855D-A7D0D0A489EF}
		{DD66011E-8873-4757-B2ED-26074ADEBF17} = {A54C5FA6-DA77-4E56-9440-3E83FFBBD1E1}
	EndGlobalSection
	GlobalSection(ExtensibilityGlobals) = postSolution
		SolutionGuid = {F5A997CD-A2A2-4D5B-8683-68A4758AFF05}
	EndGlobalSection
EndGlobal
